{
  "name": "patchbay",
  "version": "0.0.0",
  "lockfileVersion": 2,
  "requires": true,
  "packages": {
    "": {
      "name": "patchbay",
      "version": "0.0.0",
      "license": "ISC",
      "dependencies": {
        "n": "^7.3.0",
        "rxjs": "^7.1.0"
      }
    },
    "node_modules/n": {
      "version": "7.3.0",
      "resolved": "https://registry.npmjs.org/n/-/n-7.3.0.tgz",
      "integrity": "sha512-03mAKraireDCl3tDh3YIbktaZjf8o33r9VDkETpGNlACs3J3xERAwxQUh7uM890z9VUEAlj41uLbRz7kTvvuyA==",
      "os": [
        "!win32"
      ],
      "bin": {
        "n": "bin/n"
      },
      "engines": {
        "node": "*"
      }
    },
    "node_modules/rxjs": {
      "version": "7.1.0",
      "resolved": "https://registry.npmjs.org/rxjs/-/rxjs-7.1.0.tgz",
      "integrity": "sha512-gCFO5iHIbRPwznl6hAYuwNFld8W4S2shtSJIqG27ReWXo9IWrCyEICxUA+6vJHwSR/OakoenC4QsDxq50tzYmw==",
      "dependencies": {
        "tslib": "~2.1.0"
      }
    },
    "node_modules/tslib": {
      "version": "2.1.0",
      "resolved": "https://registry.npmjs.org/tslib/-/tslib-2.1.0.tgz",
      "integrity": "sha512-hcVC3wYEziELGGmEEXue7D75zbwIIVUMWAVbHItGPx0ziyXxrOMQx4rQEVEV45Ut/1IotuEvwqPopzIOkDMf0A=="
    }
  },
  "dependencies": {
    "n": {
      "version": "7.3.0",
      "resolved": "https://registry.npmjs.org/n/-/n-7.3.0.tgz",
      "integrity": "sha512-03mAKraireDCl3tDh3YIbktaZjf8o33r9VDkETpGNlACs3J3xERAwxQUh7uM890z9VUEAlj41uLbRz7kTvvuyA=="
    },
    "rxjs": {
      "version": "7.1.0",
      "resolved": "https://registry.npmjs.org/rxjs/-/rxjs-7.1.0.tgz",
      "integrity": "sha512-gCFO5iHIbRPwznl6hAYuwNFld8W4S2shtSJIqG27ReWXo9IWrCyEICxUA+6vJHwSR/OakoenC4QsDxq50tzYmw==",
      "requires": {
        "tslib": "~2.1.0"
      }
    },
    "tslib": {
      "version": "2.1.0",
      "resolved": "https://registry.npmjs.org/tslib/-/tslib-2.1.0.tgz",
      "integrity": "sha512-hcVC3wYEziELGGmEEXue7D75zbwIIVUMWAVbHItGPx0ziyXxrOMQx4rQEVEV45Ut/1IotuEvwqPopzIOkDMf0A=="
    }
  }
}
